
Microsoft Visual Studio Solution File, Format Version 12.00
# Visual Studio Version 17
VisualStudioVersion = 17.7.34221.43
MinimumVisualStudioVersion = 10.0.40219.1
Project("{FAE04EC0-301F-11D3-BF4B-00C04F79EFBC}") = "gissningsspel2.0", "gissningsspel2.0\gissningsspel2.0.csproj", "{E7072416-76E4-4BEF-8B2B-1B6B54182161}"
EndProject
Global
	GlobalSection(SolutionConfigurationPlatforms) = preSolution
		Debug|Any CPU = Debug|Any CPU
		Release|Any CPU = Release|Any CPU
	EndGlobalSection
	GlobalSection(ProjectConfigurationPlatforms) = postSolution
		{E7072416-76E4-4BEF-8B2B-1B6B54182161}.Debug|Any CPU.ActiveCfg = Debug|Any CPU
		{E7072416-76E4-4BEF-8B2B-1B6B54182161}.Debug|Any CPU.Build.0 = Debug|Any CPU
		{E7072416-76E4-4BEF-8B2B-1B6B54182161}.Release|Any CPU.ActiveCfg = Release|Any CPU
		{E7072416-76E4-4BEF-8B2B-1B6B54182161}.Release|Any CPU.Build.0 = Release|Any CPU
	EndGlobalSection
	GlobalSection(SolutionProperties) = preSolution
		HideSolutionNode = FALSE
	EndGlobalSection
	GlobalSection(ExtensibilityGlobals) = postSolution
		SolutionGuid = {06BC1C90-8B86-4B64-BAAE-B46EEEA44AF5}
	EndGlobalSection
EndGlobal
